
Microsoft Visual Studio Solution File, Format Version 12.00
# Visual Studio Version 17
VisualStudioVersion = 17.3.32825.248
MinimumVisualStudioVersion = 10.0.40219.1
Project("{FAE04EC0-301F-11D3-BF4B-00C04F79EFBC}") = "Aula2 - Profª Kátia - RA.6322092", "Aula2 - Profª Kátia - RA.6322092\Aula2 - Profª Kátia - RA.6322092.csproj", "{A11C2504-C12F-4352-BD15-653B3885341A}"
EndProject
Global
	GlobalSection(SolutionConfigurationPlatforms) = preSolution
		Debug|Any CPU = Debug|Any CPU
		Release|Any CPU = Release|Any CPU
	EndGlobalSection
	GlobalSection(ProjectConfigurationPlatforms) = postSolution
		{A11C2504-C12F-4352-BD15-653B3885341A}.Debug|Any CPU.ActiveCfg = Debug|Any CPU
		{A11C2504-C12F-4352-BD15-653B3885341A}.Debug|Any CPU.Build.0 = Debug|Any CPU
		{A11C2504-C12F-4352-BD15-653B3885341A}.Release|Any CPU.ActiveCfg = Release|Any CPU
		{A11C2504-C12F-4352-BD15-653B3885341A}.Release|Any CPU.Build.0 = Release|Any CPU
	EndGlobalSection
	GlobalSection(SolutionProperties) = preSolution
		HideSolutionNode = FALSE
	EndGlobalSection
	GlobalSection(ExtensibilityGlobals) = postSolution
		SolutionGuid = {AAE18CF7-203A-4CBB-9445-E67ADC8FD34A}
	EndGlobalSection
EndGlobal
